
Microsoft Visual Studio Solution File, Format Version 12.00
# Visual Studio Version 16
VisualStudioVersion = 16.0.30621.155
MinimumVisualStudioVersion = 10.0.40219.1
Project("{9A19103F-16F7-4668-BE54-9A1E7A4F7556}") = "StockCommandChallenge", "StockCommandChallenge\StockCommandChallenge.csproj", "{C9805A64-D890-496D-909E-939A168F1904}"
EndProject
Project("{9A19103F-16F7-4668-BE54-9A1E7A4F7556}") = "StockCommandChallenge.Data", "StockCommandChallenge.Data\StockCommandChallenge.Data.csproj", "{9D9097D4-53DF-4079-BE5F-6E89E61521BC}"
EndProject
Project("{FAE04EC0-301F-11D3-BF4B-00C04F79EFBC}") = "StockCommandChallenge.Core", "StockCommandChallenge.Core\StockCommandChallenge.Core.csproj", "{F91ECB41-2FD1-442E-BC6D-5B1FC8E122F1}"
EndProject
Project("{FAE04EC0-301F-11D3-BF4B-00C04F79EFBC}") = "StockCommandChallenge.Test", "StockCommandChallenge.Test\StockCommandChallenge.Test.csproj", "{539A90F4-E666-4E15-9C1F-CFFFA428C9A0}"
EndProject
Project("{2150E333-8FDC-42A3-9474-1A3956D46DE8}") = "Tests", "Tests", "{9AA972C2-1BF6-43AA-A333-424064C59B4F}"
EndProject
Project("{FAE04EC0-301F-11D3-BF4B-00C04F79EFBC}") = "StockCommandChallenge.Test.Base", "StockCommandChallenge.Test.Base\StockCommandChallenge.Test.Base.csproj", "{CFB08372-FAF4-43C9-8C43-1C80AEFB9169}"
EndProject
Global
	GlobalSection(SolutionConfigurationPlatforms) = preSolution
		Debug|Any CPU = Debug|Any CPU
		Release|Any CPU = Release|Any CPU
	EndGlobalSection
	GlobalSection(ProjectConfigurationPlatforms) = postSolution
		{C9805A64-D890-496D-909E-939A168F1904}.Debug|Any CPU.ActiveCfg = Debug|Any CPU
		{C9805A64-D890-496D-909E-939A168F1904}.Debug|Any CPU.Build.0 = Debug|Any CPU
		{C9805A64-D890-496D-909E-939A168F1904}.Release|Any CPU.ActiveCfg = Release|Any CPU
		{C9805A64-D890-496D-909E-939A168F1904}.Release|Any CPU.Build.0 = Release|Any CPU
		{9D9097D4-53DF-4079-BE5F-6E89E61521BC}.Debug|Any CPU.ActiveCfg = Debug|Any CPU
		{9D9097D4-53DF-4079-BE5F-6E89E61521BC}.Debug|Any CPU.Build.0 = Debug|Any CPU
		{9D9097D4-53DF-4079-BE5F-6E89E61521BC}.Release|Any CPU.ActiveCfg = Release|Any CPU
		{9D9097D4-53DF-4079-BE5F-6E89E61521BC}.Release|Any CPU.Build.0 = Release|Any CPU
		{F91ECB41-2FD1-442E-BC6D-5B1FC8E122F1}.Debug|Any CPU.ActiveCfg = Debug|Any CPU
		{F91ECB41-2FD1-442E-BC6D-5B1FC8E122F1}.Debug|Any CPU.Build.0 = Debug|Any CPU
		{F91ECB41-2FD1-442E-BC6D-5B1FC8E122F1}.Release|Any CPU.ActiveCfg = Release|Any CPU
		{F91ECB41-2FD1-442E-BC6D-5B1FC8E122F1}.Release|Any CPU.Build.0 = Release|Any CPU
		{539A90F4-E666-4E15-9C1F-CFFFA428C9A0}.Debug|Any CPU.ActiveCfg = Debug|Any CPU
		{539A90F4-E666-4E15-9C1F-CFFFA428C9A0}.Debug|Any CPU.Build.0 = Debug|Any CPU
		{539A90F4-E666-4E15-9C1F-CFFFA428C9A0}.Release|Any CPU.ActiveCfg = Release|Any CPU
		{539A90F4-E666-4E15-9C1F-CFFFA428C9A0}.Release|Any CPU.Build.0 = Release|Any CPU
		{CFB08372-FAF4-43C9-8C43-1C80AEFB9169}.Debug|Any CPU.ActiveCfg = Debug|Any CPU
		{CFB08372-FAF4-43C9-8C43-1C80AEFB9169}.Debug|Any CPU.Build.0 = Debug|Any CPU
		{CFB08372-FAF4-43C9-8C43-1C80AEFB9169}.Release|Any CPU.ActiveCfg = Release|Any CPU
		{CFB08372-FAF4-43C9-8C43-1C80AEFB9169}.Release|Any CPU.Build.0 = Release|Any CPU
	EndGlobalSection
	GlobalSection(SolutionProperties) = preSolution
		HideSolutionNode = FALSE
	EndGlobalSection
	GlobalSection(NestedProjects) = preSolution
		{539A90F4-E666-4E15-9C1F-CFFFA428C9A0} = {9AA972C2-1BF6-43AA-A333-424064C59B4F}
		{CFB08372-FAF4-43C9-8C43-1C80AEFB9169} = {9AA972C2-1BF6-43AA-A333-424064C59B4F}
	EndGlobalSection
	GlobalSection(ExtensibilityGlobals) = postSolution
		SolutionGuid = {207C5392-6A9F-4F9D-B861-04EE8A9C4DF9}
	EndGlobalSection
EndGlobal
